
Microsoft Visual Studio Solution File, Format Version 12.00
# Visual Studio Version 16
VisualStudioVersion = 16.0.31402.337
MinimumVisualStudioVersion = 10.0.40219.1
Project("{9A19103F-16F7-4668-BE54-9A1E7A4F7556}") = "Conreality.Raspberry.Stream", "Conreality.Raspberry.Stream\Conreality.Raspberry.Stream.csproj", "{019198C5-E0D9-438A-B2AA-6D813D8D7E2E}"
EndProject
Project("{FAE04EC0-301F-11D3-BF4B-00C04F79EFBC}") = "Conreality.Raspberry.Stream.Example", "Conreality.Raspberry.Stream.Example\Conreality.Raspberry.Stream.Example.csproj", "{F3AE37FC-A263-410C-B80A-7010BC13F45F}"
EndProject
Global
	GlobalSection(SolutionConfigurationPlatforms) = preSolution
		Debug|Any CPU = Debug|Any CPU
		Release|Any CPU = Release|Any CPU
	EndGlobalSection
	GlobalSection(ProjectConfigurationPlatforms) = postSolution
		{019198C5-E0D9-438A-B2AA-6D813D8D7E2E}.Debug|Any CPU.ActiveCfg = Debug|Any CPU
		{019198C5-E0D9-438A-B2AA-6D813D8D7E2E}.Debug|Any CPU.Build.0 = Debug|Any CPU
		{019198C5-E0D9-438A-B2AA-6D813D8D7E2E}.Release|Any CPU.ActiveCfg = Release|Any CPU
		{019198C5-E0D9-438A-B2AA-6D813D8D7E2E}.Release|Any CPU.Build.0 = Release|Any CPU
		{F3AE37FC-A263-410C-B80A-7010BC13F45F}.Debug|Any CPU.ActiveCfg = Debug|Any CPU
		{F3AE37FC-A263-410C-B80A-7010BC13F45F}.Debug|Any CPU.Build.0 = Debug|Any CPU
		{F3AE37FC-A263-410C-B80A-7010BC13F45F}.Release|Any CPU.ActiveCfg = Release|Any CPU
		{F3AE37FC-A263-410C-B80A-7010BC13F45F}.Release|Any CPU.Build.0 = Release|Any CPU
	EndGlobalSection
	GlobalSection(SolutionProperties) = preSolution
		HideSolutionNode = FALSE
	EndGlobalSection
	GlobalSection(ExtensibilityGlobals) = postSolution
		SolutionGuid = {8968381D-3DF2-4C70-BD7B-AB08A9B11E51}
	EndGlobalSection
EndGlobal
